// !$*UTF8*$!
{
	archiveVersion = 1;
	classes = {
	};
	objectVersion = 50;
	objects = {

/* Begin PBXBuildFile section */
		D255582323EAC65400C183BF /* AppDelegate.swift in Sources */ = {isa = PBXBuildFile; fileRef = D255582223EAC65400C183BF /* AppDelegate.swift */; };
		D255582523EAC65400C183BF /* ViewController.swift in Sources */ = {isa = PBXBuildFile; fileRef = D255582423EAC65400C183BF /* ViewController.swift */; };
		D255582723EAC65400C183BF /* Experience.rcproject in Sources */ = {isa = PBXBuildFile; fileRef = D255582623EAC65400C183BF /* Experience.rcproject */; };
		D255582A23EAC65400C183BF /* Main.storyboard in Resources */ = {isa = PBXBuildFile; fileRef = D255582823EAC65400C183BF /* Main.storyboard */; };
		D255582C23EAC65700C183BF /* Assets.xcassets in Resources */ = {isa = PBXBuildFile; fileRef = D255582B23EAC65700C183BF /* Assets.xcassets */; };
		D255582F23EAC65700C183BF /* LaunchScreen.storyboard in Resources */ = {isa = PBXBuildFile; fileRef = D255582D23EAC65700C183BF /* LaunchScreen.storyboard */; };
		D255583A23EAC65700C183BF /* Height_TestTests.swift in Sources */ = {isa = PBXBuildFile; fileRef = D255583923EAC65700C183BF /* Height_TestTests.swift */; };
/* End PBXBuildFile section */

/* Begin PBXContainerItemProxy section */
		D255583623EAC65700C183BF /* PBXContainerItemProxy */ = {
			isa = PBXContainerItemProxy;
			containerPortal = D255581723EAC65400C183BF /* Project object */;
			proxyType = 1;
			remoteGlobalIDString = D255581E23EAC65400C183BF;
			remoteInfo = "Height Test";
		};
/* End PBXContainerItemProxy section */

/* Begin PBXFileReference section */
		D255581F23EAC65400C183BF /* Height Test.app */ = {isa = PBXFileReference; explicitFileType = wrapper.application; includeInIndex = 0; path = "Height Test.app"; sourceTree = BUILT_PRODUCTS_DIR; };
		D255582223EAC65400C183BF /* AppDelegate.swift */ = {isa = PBXFileReference; lastKnownFileType = sourcecode.swift; path = AppDelegate.swift; sourceTree = "<group>"; };
		D255582423EAC65400C183BF /* ViewController.swift */ = {isa = PBXFileReference; lastKnownFileType = sourcecode.swift; path = ViewController.swift; sourceTree = "<group>"; };
		D255582623EAC65400C183BF /* Experience.rcproject */ = {isa = PBXFileReference; lastKnownFileType = file.rcproject; path = Experience.rcproject; sourceTree = "<group>"; };
		D255582923EAC65400C183BF /* Base */ = {isa = PBXFileReference; lastKnownFileType = file.storyboard; name = Base; path = Base.lproj/Main.storyboard; sourceTree = "<group>"; };
		D255582B23EAC65700C183BF /* Assets.xcassets */ = {isa = PBXFileReference; lastKnownFileType = folder.assetcatalog; path = Assets.xcassets; sourceTree = "<group>"; };
		D255582E23EAC65700C183BF /* Base */ = {isa = PBXFileReference; lastKnownFileType = file.storyboard; name = Base; path = Base.lproj/LaunchScreen.storyboard; sourceTree = "<group>"; };
		D255583023EAC65700C183BF /* Info.plist */ = {isa = PBXFileReference; lastKnownFileType = text.plist.xml; path = Info.plist; sourceTree = "<group>"; };
		D255583523EAC65700C183BF /* Height TestTests.xctest */ = {isa = PBXFileReference; explicitFileType = wrapper.cfbundle; includeInIndex = 0; path = "Height TestTests.xctest"; sourceTree = BUILT_PRODUCTS_DIR; };
		D255583923EAC65700C183BF /* Height_TestTests.swift */ = {isa = PBXFileReference; lastKnownFileType = sourcecode.swift; path = Height_TestTests.swift; sourceTree = "<group>"; };
		D255583B23EAC65700C183BF /* Info.plist */ = {isa = PBXFileReference; lastKnownFileType = text.plist.xml; path = Info.plist; sourceTree = "<group>"; };
/* End PBXFileReference section */

/* Begin PBXFrameworksBuildPhase section */
		D255581C23EAC65400C183BF /* Frameworks */ = {
			isa = PBXFrameworksBuildPhase;
			buildActionMask = 2147483647;
			files = (
			);
			runOnlyForDeploymentPostprocessing = 0;
		};
		D255583223EAC65700C183BF /* Frameworks */ = {
			isa = PBXFrameworksBuildPhase;
			buildActionMask = 2147483647;
			files = (
			);
			runOnlyForDeploymentPostprocessing = 0;
		};
/* End PBXFrameworksBuildPhase section */

/* Begin PBXGroup section */
		D255581623EAC65400C183BF = {
			isa = PBXGroup;
			children = (
				D255582123EAC65400C183BF /* Height Test */,
				D255583823EAC65700C183BF /* Height TestTests */,
				D255582023EAC65400C183BF /* Products */,
			);
			sourceTree = "<group>";
		};
		D255582023EAC65400C183BF /* Products */ = {
			isa = PBXGroup;
			children = (
				D255581F23EAC65400C183BF /* Height Test.app */,
				D255583523EAC65700C183BF /* Height TestTests.xctest */,
			);
			name = Products;
			sourceTree = "<group>";
		};
		D255582123EAC65400C183BF /* Height Test */ = {
			isa = PBXGroup;
			children = (
				D255582223EAC65400C183BF /* AppDelegate.swift */,
				D255582423EAC65400C183BF /* ViewController.swift */,
				D255582623EAC65400C183BF /* Experience.rcproject */,
				D255582823EAC65400C183BF /* Main.storyboard */,
				D255582B23EAC65700C183BF /* Assets.xcassets */,
				D255582D23EAC65700C183BF /* LaunchScreen.storyboard */,
				D255583023EAC65700C183BF /* Info.plist */,
			);
			path = "Height Test";
			sourceTree = "<group>";
		};
		D255583823EAC65700C183BF /* Height TestTests */ = {
			isa = PBXGroup;
			children = (
				D255583923EAC65700C183BF /* Height_TestTests.swift */,
				D255583B23EAC65700C183BF /* Info.plist */,
			);
			path = "Height TestTests";
			sourceTree = "<group>";
		};
/* End PBXGroup section */

/* Begin PBXNativeTarget section */
		D255581E23EAC65400C183BF /* Height Test */ = {
			isa = PBXNativeTarget;
			buildConfigurationList = D255583E23EAC65800C183BF /* Build configuration list for PBXNativeTarget "Height Test" */;
			buildPhases = (
				D255581B23EAC65400C183BF /* Sources */,
				D255581C23EAC65400C183BF /* Frameworks */,
				D255581D23EAC65400C183BF /* Resources */,
			);
			buildRules = (
			);
			dependencies = (
			);
			name = "Height Test";
			productName = "Height Test";
			productReference = D255581F23EAC65400C183BF /* Height Test.app */;
			productType = "com.apple.product-type.application";
		};
		D255583423EAC65700C183BF /* Height TestTests */ = {
			isa = PBXNativeTarget;
			buildConfigurationList = D255584123EAC65800C183BF /* Build configuration list for PBXNativeTarget "Height TestTests" */;
			buildPhases = (
				D255583123EAC65700C183BF /* Sources */,
				D255583223EAC65700C183BF /* Frameworks */,
				D255583323EAC65700C183BF /* Resources */,
			);
			buildRules = (
			);
			dependencies = (
				D255583723EAC65700C183BF /* PBXTargetDependency */,
			);
			name = "Height TestTests";
			productName = "Height TestTests";
			productReference = D255583523EAC65700C183BF /* Height TestTests.xctest */;
			productType = "com.apple.product-type.bundle.unit-test";
		};
/* End PBXNativeTarget section */

/* Begin PBXProject section */
		D255581723EAC65400C183BF /* Project object */ = {
			isa = PBXProject;
			attributes = {
				LastSwiftUpdateCheck = 1130;
				LastUpgradeCheck = 1130;
				ORGANIZATIONNAME = "Khoa Tran";
				TargetAttributes = {
					D255581E23EAC65400C183BF = {
						CreatedOnToolsVersion = 11.3.1;
					};
					D255583423EAC65700C183BF = {
						CreatedOnToolsVersion = 11.3.1;
						TestTargetID = D255581E23EAC65400C183BF;
					};
				};
			};
			buildConfigurationList = D255581A23EAC65400C183BF /* Build configuration list for PBXProject "Height Test" */;
			compatibilityVersion = "Xcode 9.3";
			developmentRegion = en;
			hasScannedForEncodings = 0;
			knownRegions = (
				en,
				Base,
			);
			mainGroup = D255581623EAC65400C183BF;
			productRefGroup = D255582023EAC65400C183BF /* Products */;
			projectDirPath = "";
			projectRoot = "";
			targets = (
				D255581E23EAC65400C183BF /* Height Test */,
				D255583423EAC65700C183BF /* Height TestTests */,
			);
		};
/* End PBXProject section */

/* Begin PBXResourcesBuildPhase section */
		D255581D23EAC65400C183BF /* Resources */ = {
			isa = PBXResourcesBuildPhase;
			buildActionMask = 2147483647;
			files = (
				D255582F23EAC65700C183BF /* LaunchScreen.storyboard in Resources */,
				D255582C23EAC65700C183BF /* Assets.xcassets in Resources */,
				D255582A23EAC65400C183BF /* Main.storyboard in Resources */,
			);
			runOnlyForDeploymentPostprocessing = 0;
		};
		D255583323EAC65700C183BF /* Resources */ = {
			isa = PBXResourcesBuildPhase;
			buildActionMask = 2147483647;
			files = (
			);
			runOnlyForDeploymentPostprocessing = 0;
		};
/* End PBXResourcesBuildPhase section */

/* Begin PBXSourcesBuildPhase section */
		D255581B23EAC65400C183BF /* Sources */ = {
			isa = PBXSourcesBuildPhase;
			buildActionMask = 2147483647;
			files = (
				D255582523EAC65400C183BF /* ViewController.swift in Sources */,
				D255582323EAC65400C183BF /* AppDelegate.swift in Sources */,
				D255582723EAC65400C183BF /* Experience.rcproject in Sources */,
			);
			runOnlyForDeploymentPostprocessing = 0;
		};
		D255583123EAC65700C183BF /* Sources */ = {
			isa = PBXSourcesBuildPhase;
			buildActionMask = 2147483647;
			files = (
				D255583A23EAC65700C183BF /* Height_TestTests.swift in Sources */,
			);
			runOnlyForDeploymentPostprocessing = 0;
		};
/* End PBXSourcesBuildPhase section */

/* Begin PBXTargetDependency section */
		D255583723EAC65700C183BF /* PBXTargetDependency */ = {
			isa = PBXTargetDependency;
			target = D255581E23EAC65400C183BF /* Height Test */;
			targetProxy = D255583623EAC65700C183BF /* PBXContainerItemProxy */;
		};
/* End PBXTargetDependency section */

/* Begin PBXVariantGroup section */
		D255582823EAC65400C183BF /* Main.storyboard */ = {
			isa = PBXVariantGroup;
			children = (
				D255582923EAC65400C183BF /* Base */,
			);
			name = Main.storyboard;
			sourceTree = "<group>";
		};
		D255582D23EAC65700C183BF /* LaunchScreen.storyboard */ = {
			isa = PBXVariantGroup;
			children = (
				D255582E23EAC65700C183BF /* Base */,
			);
			name = LaunchScreen.storyboard;
			sourceTree = "<group>";
		};
/* End PBXVariantGroup section */

/* Begin XCBuildConfiguration section */
		D255583C23EAC65800C183BF /* Debug */ = {
			isa = XCBuildConfiguration;
			buildSettings = {
				ALWAYS_SEARCH_USER_PATHS = NO;
				CLANG_ANALYZER_NONNULL = YES;
				CLANG_ANALYZER_NUMBER_OBJECT_CONVERSION = YES_AGGRESSIVE;
				CLANG_CXX_LANGUAGE_STANDARD = "gnu++14";
				CLANG_CXX_LIBRARY = "libc++";
				CLANG_ENABLE_MODULES = YES;
				CLANG_ENABLE_OBJC_ARC = YES;
				CLANG_ENABLE_OBJC_WEAK = YES;
				CLANG_WARN_BLOCK_CAPTURE_AUTORELEASING = YES;
				CLANG_WARN_BOOL_CONVERSION = YES;
				CLANG_WARN_COMMA = YES;
				CLANG_WARN_CONSTANT_CONVERSION = YES;
				CLANG_WARN_DEPRECATED_OBJC_IMPLEMENTATIONS = YES;
				CLANG_WARN_DIRECT_OBJC_ISA_USAGE = YES_ERROR;
				CLANG_WARN_DOCUMENTATION_COMMENTS = YES;
				CLANG_WARN_EMPTY_BODY = YES;
				CLANG_WARN_ENUM_CONVERSION = YES;
				CLANG_WARN_INFINITE_RECURSION = YES;
				CLANG_WARN_INT_CONVERSION = YES;
				CLANG_WARN_NON_LITERAL_NULL_CONVERSION = YES;
				CLANG_WARN_OBJC_IMPLICIT_RETAIN_SELF = YES;
				CLANG_WARN_OBJC_LITERAL_CONVERSION = YES;
				CLANG_WARN_OBJC_ROOT_CLASS = YES_ERROR;
				CLANG_WARN_RANGE_LOOP_ANALYSIS = YES;
				CLANG_WARN_STRICT_PROTOTYPES = YES;
				CLANG_WARN_SUSPICIOUS_MOVE = YES;
				CLANG_WARN_UNGUARDED_AVAILABILITY = YES_AGGRESSIVE;
				CLANG_WARN_UNREACHABLE_CODE = YES;
				CLANG_WARN__DUPLICATE_METHOD_MATCH = YES;
				COPY_PHASE_STRIP = NO;
				DEBUG_INFORMATION_FORMAT = dwarf;
				ENABLE_STRICT_OBJC_MSGSEND = YES;
				ENABLE_TESTABILITY = YES;
				GCC_C_LANGUAGE_STANDARD = gnu11;
				GCC_DYNAMIC_NO_PIC = NO;
				GCC_NO_COMMON_BLOCKS = YES;
				GCC_OPTIMIZATION_LEVEL = 0;
				GCC_PREPROCESSOR_DEFINITIONS = (
					"DEBUG=1",
					"$(inherited)",
				);
				GCC_WARN_64_TO_32_BIT_CONVERSION = YES;
				GCC_WARN_ABOUT_RETURN_TYPE = YES_ERROR;
				GCC_WARN_UNDECLARED_SELECTOR = YES;
				GCC_WARN_UNINITIALIZED_AUTOS = YES_AGGRESSIVE;
				GCC_WARN_UNUSED_FUNCTION = YES;
				GCC_WARN_UNUSED_VARIABLE = YES;
				IPHONEOS_DEPLOYMENT_TARGET = 13.2;
				MTL_ENABLE_DEBUG_INFO = INCLUDE_SOURCE;
				MTL_FAST_MATH = YES;
				ONLY_ACTIVE_ARCH = YES;
				SDKROOT = iphoneos;
				SWIFT_ACTIVE_COMPILATION_CONDITIONS = DEBUG;
				SWIFT_OPTIMIZATION_LEVEL = "-Onone";
			};
			name = Debug;
		};
		D255583D23EAC65800C183BF /* Release */ = {
			isa = XCBuildConfiguration;
			buildSettings = {
				ALWAYS_SEARCH_USER_PATHS = NO;
				CLANG_ANALYZER_NONNULL = YES;
				CLANG_ANALYZER_NUMBER_OBJECT_CONVERSION = YES_AGGRESSIVE;
				CLANG_CXX_LANGUAGE_STANDARD = "gnu++14";
				CLANG_CXX_LIBRARY = "libc++";
				CLANG_ENABLE_MODULES = YES;
				CLANG_ENABLE_OBJC_ARC = YES;
				CLANG_ENABLE_OBJC_WEAK = YES;
				CLANG_WARN_BLOCK_CAPTURE_AUTORELEASING = YES;
				CLANG_WARN_BOOL_CONVERSION = YES;
				CLANG_WARN_COMMA = YES;
				CLANG_WARN_CONSTANT_CONVERSION = YES;
				CLANG_WARN_DEPRECATED_OBJC_IMPLEMENTATIONS = YES;
				CLANG_WARN_DIRECT_OBJC_ISA_USAGE = YES_ERROR;
				CLANG_WARN_DOCUMENTATION_COMMENTS = YES;
				CLANG_WARN_EMPTY_BODY = YES;
				CLANG_WARN_ENUM_CONVERSION = YES;
				CLANG_WARN_INFINITE_RECURSION = YES;
				CLANG_WARN_INT_CONVERSION = YES;
				CLANG_WARN_NON_LITERAL_NULL_CONVERSION = YES;
				CLANG_WARN_OBJC_IMPLICIT_RETAIN_SELF = YES;
				CLANG_WARN_OBJC_LITERAL_CONVERSION = YES;
				CLANG_WARN_OBJC_ROOT_CLASS = YES_ERROR;
				CLANG_WARN_RANGE_LOOP_ANALYSIS = YES;
				CLANG_WARN_STRICT_PROTOTYPES = YES;
				CLANG_WARN_SUSPICIOUS_MOVE = YES;
				CLANG_WARN_UNGUARDED_AVAILABILITY = YES_AGGRESSIVE;
				CLANG_WARN_UNREACHABLE_CODE = YES;
				CLANG_WARN__DUPLICATE_METHOD_MATCH = YES;
				COPY_PHASE_STRIP = NO;
				DEBUG_INFORMATION_FORMAT = "dwarf-with-dsym";
				ENABLE_NS_ASSERTIONS = NO;
				ENABLE_STRICT_OBJC_MSGSEND = YES;
				GCC_C_LANGUAGE_STANDARD = gnu11;
				GCC_NO_COMMON_BLOCKS = YES;
				GCC_WARN_64_TO_32_BIT_CONVERSION = YES;
				GCC_WARN_ABOUT_RETURN_TYPE = YES_ERROR;
				GCC_WARN_UNDECLARED_SELECTOR = YES;
				GCC_WARN_UNINITIALIZED_AUTOS = YES_AGGRESSIVE;
				GCC_WARN_UNUSED_FUNCTION = YES;
				GCC_WARN_UNUSED_VARIABLE = YES;
				IPHONEOS_DEPLOYMENT_TARGET = 13.2;
				MTL_ENABLE_DEBUG_INFO = NO;
				MTL_FAST_MATH = YES;
				SDKROOT = iphoneos;
				SWIFT_COMPILATION_MODE = wholemodule;
				SWIFT_OPTIMIZATION_LEVEL = "-O";
				VALIDATE_PRODUCT = YES;
			};
			name = Release;
		};
		D255583F23EAC65800C183BF /* Debug */ = {
			isa = XCBuildConfiguration;
			buildSettings = {
				ASSETCATALOG_COMPILER_APPICON_NAME = AppIcon;
				CODE_SIGN_STYLE = Automatic;
				DEVELOPMENT_TEAM = KPHR2XD5ZY;
				INFOPLIST_FILE = "Height Test/Info.plist";
				LD_RUNPATH_SEARCH_PATHS = (
					"$(inherited)",
					"@executable_path/Frameworks",
				);
				PRODUCT_BUNDLE_IDENTIFIER = "com.example.Height-Test";
				PRODUCT_NAME = "$(TARGET_NAME)";
				SWIFT_VERSION = 5.0;
				TARGETED_DEVICE_FAMILY = "1,2";
			};
			name = Debug;
		};
		D255584023EAC65800C183BF /* Release */ = {
			isa = XCBuildConfiguration;
			buildSettings = {
				ASSETCATALOG_COMPILER_APPICON_NAME = AppIcon;
				CODE_SIGN_STYLE = Automatic;
				DEVELOPMENT_TEAM = KPHR2XD5ZY;
				INFOPLIST_FILE = "Height Test/Info.plist";
				LD_RUNPATH_SEARCH_PATHS = (
					"$(inherited)",
					"@executable_path/Frameworks",
				);
				PRODUCT_BUNDLE_IDENTIFIER = "com.example.Height-Test";
				PRODUCT_NAME = "$(TARGET_NAME)";
				SWIFT_VERSION = 5.0;
				TARGETED_DEVICE_FAMILY = "1,2";
			};
			name = Release;
		};
		D255584223EAC65800C183BF /* Debug */ = {
			isa = XCBuildConfiguration;
			buildSettings = {
				ALWAYS_EMBED_SWIFT_STANDARD_LIBRARIES = YES;
				BUNDLE_LOADER = "$(TEST_HOST)";
				CODE_SIGN_STYLE = Automatic;
				DEVELOPMENT_TEAM = KPHR2XD5ZY;
				INFOPLIST_FILE = "Height TestTests/Info.plist";
				IPHONEOS_DEPLOYMENT_TARGET = 13.2;
				LD_RUNPATH_SEARCH_PATHS = (
					"$(inherited)",
					"@executable_path/Frameworks",
					"@loader_path/Frameworks",
				);
				PRODUCT_BUNDLE_IDENTIFIER = "com.example.Height-TestTests";
				PRODUCT_NAME = "$(TARGET_NAME)";
				SWIFT_VERSION = 5.0;
				TARGETED_DEVICE_FAMILY = "1,2";
				TEST_HOST = "$(BUILT_PRODUCTS_DIR)/Height Test.app/Height Test";
			};
			name = Debug;
		};
		D255584323EAC65800C183BF /* Release */ = {
			isa = XCBuildConfiguration;
			buildSettings = {
				ALWAYS_EMBED_SWIFT_STANDARD_LIBRARIES = YES;
				BUNDLE_LOADER = "$(TEST_HOST)";
				CODE_SIGN_STYLE = Automatic;
				DEVELOPMENT_TEAM = KPHR2XD5ZY;
				INFOPLIST_FILE = "Height TestTests/Info.plist";
				IPHONEOS_DEPLOYMENT_TARGET = 13.2;
				LD_RUNPATH_SEARCH_PATHS = (
					"$(inherited)",
					"@executable_path/Frameworks",
					"@loader_path/Frameworks",
				);
				PRODUCT_BUNDLE_IDENTIFIER = "com.example.Height-TestTests";
				PRODUCT_NAME = "$(TARGET_NAME)";
				SWIFT_VERSION = 5.0;
				TARGETED_DEVICE_FAMILY = "1,2";
				TEST_HOST = "$(BUILT_PRODUCTS_DIR)/Height Test.app/Height Test";
			};
			name = Release;
		};
/* End XCBuildConfiguration section */

/* Begin XCConfigurationList section */
		D255581A23EAC65400C183BF /* Build configuration list for PBXProject "Height Test" */ = {
			isa = XCConfigurationList;
			buildConfigurations = (
				D255583C23EAC65800C183BF /* Debug */,
				D255583D23EAC65800C183BF /* Release */,
			);
			defaultConfigurationIsVisible = 0;
			defaultConfigurationName = Release;
		};
		D255583E23EAC65800C183BF /* Build configuration list for PBXNativeTarget "Height Test" */ = {
			isa = XCConfigurationList;
			buildConfigurations = (
				D255583F23EAC65800C183BF /* Debug */,
				D255584023EAC65800C183BF /* Release */,
			);
			defaultConfigurationIsVisible = 0;
			defaultConfigurationName = Release;
		};
		D255584123EAC65800C183BF /* Build configuration list for PBXNativeTarget "Height TestTests" */ = {
			isa = XCConfigurationList;
			buildConfigurations = (
				D255584223EAC65800C183BF /* Debug */,
				D255584323EAC65800C183BF /* Release */,
			);
			defaultConfigurationIsVisible = 0;
			defaultConfigurationName = Release;
		};
/* End XCConfigurationList section */
	};
	rootObject = D255581723EAC65400C183BF /* Project object */;
}
